// !$*UTF8*$!
{
	archiveVersion = 1;
	classes = {
	};
	objectVersion = 56;
	objects = {

/* Begin PBXBuildFile section */
		D1074FF52C1CB1E300026F0A /* Haptica in Frameworks */ = {isa = PBXBuildFile; productRef = D1074FF42C1CB1E300026F0A /* Haptica */; };
		D1074FF82C1CB1F600026F0A /* SwiftMessages in Frameworks */ = {isa = PBXBuildFile; productRef = D1074FF72C1CB1F600026F0A /* SwiftMessages */; };
		D1074FFB2C1CB20E00026F0A /* OutlineAppleLib in Frameworks */ = {isa = PBXBuildFile; productRef = D1074FFA2C1CB20E00026F0A /* OutlineAppleLib */; };
		D1074FFD2C1CB20E00026F0A /* OutlineLauncher in Frameworks */ = {isa = PBXBuildFile; productRef = D1074FFC2C1CB20E00026F0A /* OutlineLauncher */; };
		D10750012C1CB5AA00026F0A /* UserDefaults.swift in Sources */ = {isa = PBXBuildFile; fileRef = D10750002C1CB5AA00026F0A /* UserDefaults.swift */; };
		D10750042C1CB6A800026F0A /* VPNViewModel.swift in Sources */ = {isa = PBXBuildFile; fileRef = D10750032C1CB6A800026F0A /* VPNViewModel.swift */; };
		D10750062C1CBA6600026F0A /* HighlightButton.swift in Sources */ = {isa = PBXBuildFile; fileRef = D10750052C1CBA6600026F0A /* HighlightButton.swift */; };
		D10750082C1CBA8200026F0A /* UINavigationBar.swift in Sources */ = {isa = PBXBuildFile; fileRef = D10750072C1CBA8200026F0A /* UINavigationBar.swift */; };
		D107500A2C1CC1A000026F0A /* UIViewController.swift in Sources */ = {isa = PBXBuildFile; fileRef = D10750092C1CC1A000026F0A /* UIViewController.swift */; };
		D107500C2C1CC1D200026F0A /* MainConstants.swift in Sources */ = {isa = PBXBuildFile; fileRef = D107500B2C1CC1D200026F0A /* MainConstants.swift */; };
		D10750122C1CCAF900026F0A /* attribution.docx in Resources */ = {isa = PBXBuildFile; fileRef = D107500E2C1CCAF900026F0A /* attribution.docx */; };
		D10750132C1CCAF900026F0A /* politicy.docx in Resources */ = {isa = PBXBuildFile; fileRef = D107500F2C1CCAF900026F0A /* politicy.docx */; };
		D10750142C1CCAF900026F0A /* dataCollection.docx in Resources */ = {isa = PBXBuildFile; fileRef = D10750102C1CCAF900026F0A /* dataCollection.docx */; };
		D10750152C1CCAF900026F0A /* conditions.docx in Resources */ = {isa = PBXBuildFile; fileRef = D10750112C1CCAF900026F0A /* conditions.docx */; };
		D137AEBF2C2EE58000966F6C /* String.swift in Sources */ = {isa = PBXBuildFile; fileRef = D137AEBE2C2EE58000966F6C /* String.swift */; };
		D13F0F512C218B71006CD24E /* NotificationName.swift in Sources */ = {isa = PBXBuildFile; fileRef = D13F0F502C218B71006CD24E /* NotificationName.swift */; };
		D142F1842C1C4AE9003760A8 /* NetworkExtension.framework in Frameworks */ = {isa = PBXBuildFile; fileRef = D1C6E2082C1C33D7006935CD /* NetworkExtension.framework */; };
		D1442D6F2C2554B10066FC39 /* AlertLogger.swift in Sources */ = {isa = PBXBuildFile; fileRef = D1442D6E2C2554B10066FC39 /* AlertLogger.swift */; };
		D1442D782C255D0F0066FC39 /* InfoPlist.strings in Resources */ = {isa = PBXBuildFile; fileRef = D1442D7A2C255D0F0066FC39 /* InfoPlist.strings */; };
		D15C90902C22EF1300CEEB98 /* DeviceKit in Frameworks */ = {isa = PBXBuildFile; productRef = D15C908F2C22EF1300CEEB98 /* DeviceKit */; };
		D17685332C1F51D8005C59D6 /* ServerModel.swift in Sources */ = {isa = PBXBuildFile; fileRef = D17685322C1F51D8005C59D6 /* ServerModel.swift */; };
		D17685352C1F52C3005C59D6 /* EndPoints.swift in Sources */ = {isa = PBXBuildFile; fileRef = D17685342C1F52C3005C59D6 /* EndPoints.swift */; };
		D17685372C1F5317005C59D6 /* CustomDecoder.swift in Sources */ = {isa = PBXBuildFile; fileRef = D17685362C1F5316005C59D6 /* CustomDecoder.swift */; };
		D18B84C02C1EFADF006B72C7 /* LocalizationManager.swift in Sources */ = {isa = PBXBuildFile; fileRef = D18B84BF2C1EFADF006B72C7 /* LocalizationManager.swift */; };
		D18B84C22C1EFEB7006B72C7 /* Symbols.swift in Sources */ = {isa = PBXBuildFile; fileRef = D18B84C12C1EFEB7006B72C7 /* Symbols.swift */; };
		D18B84CB2C1F0011006B72C7 /* LanguageDataProvider.swift in Sources */ = {isa = PBXBuildFile; fileRef = D18B84CA2C1F0011006B72C7 /* LanguageDataProvider.swift */; };
		D18B84CD2C1F001A006B72C7 /* LanguageViewController.swift in Sources */ = {isa = PBXBuildFile; fileRef = D18B84CC2C1F001A006B72C7 /* LanguageViewController.swift */; };
		D18B84CF2C1F0022006B72C7 /* LanguageView.swift in Sources */ = {isa = PBXBuildFile; fileRef = D18B84CE2C1F0022006B72C7 /* LanguageView.swift */; };
		D18B84D12C1F002C006B72C7 /* LanguageView.xib in Resources */ = {isa = PBXBuildFile; fileRef = D18B84D02C1F002C006B72C7 /* LanguageView.xib */; };
		D18B84D32C1F0037006B72C7 /* LanguageCollectionViewCell.swift in Sources */ = {isa = PBXBuildFile; fileRef = D18B84D22C1F0037006B72C7 /* LanguageCollectionViewCell.swift */; };
		D18B84D52C1F003D006B72C7 /* LanguageCollectionViewCell.xib in Resources */ = {isa = PBXBuildFile; fileRef = D18B84D42C1F003D006B72C7 /* LanguageCollectionViewCell.xib */; };
		D18B84D72C1F01DE006B72C7 /* LanguageModel.swift in Sources */ = {isa = PBXBuildFile; fileRef = D18B84D62C1F01DE006B72C7 /* LanguageModel.swift */; };
		D196B4622C1D7F4A00EC7038 /* AddKeyViewController.swift in Sources */ = {isa = PBXBuildFile; fileRef = D196B4612C1D7F4A00EC7038 /* AddKeyViewController.swift */; };
		D196B4642C1D7F9B00EC7038 /* AddKeyView.swift in Sources */ = {isa = PBXBuildFile; fileRef = D196B4632C1D7F9B00EC7038 /* AddKeyView.swift */; };
		D196B4662C1D833F00EC7038 /* AddKeyView.xib in Resources */ = {isa = PBXBuildFile; fileRef = D196B4652C1D833F00EC7038 /* AddKeyView.xib */; };
		D196B46B2C1D91E200EC7038 /* LaunchScreenViewController.swift in Sources */ = {isa = PBXBuildFile; fileRef = D196B46A2C1D91E200EC7038 /* LaunchScreenViewController.swift */; };
		D196B46D2C1D91E600EC7038 /* LaunchScreenView.swift in Sources */ = {isa = PBXBuildFile; fileRef = D196B46C2C1D91E600EC7038 /* LaunchScreenView.swift */; };
		D196B46F2C1D91E900EC7038 /* LaunchScreenView.xib in Resources */ = {isa = PBXBuildFile; fileRef = D196B46E2C1D91E900EC7038 /* LaunchScreenView.xib */; };
		D196B4722C1D985600EC7038 /* Lottie in Frameworks */ = {isa = PBXBuildFile; productRef = D196B4712C1D985600EC7038 /* Lottie */; };
		D196B4752C1D9CC700EC7038 /* lightning.json in Resources */ = {isa = PBXBuildFile; fileRef = D196B4742C1D9CC700EC7038 /* lightning.json */; };
		D196B4782C1D9DC900EC7038 /* SnapKit in Frameworks */ = {isa = PBXBuildFile; productRef = D196B4772C1D9DC900EC7038 /* SnapKit */; };
		D19FAE6A2C2029B000F8D5FF /* CustomSpinnerView.swift in Sources */ = {isa = PBXBuildFile; fileRef = D19FAE692C2029B000F8D5FF /* CustomSpinnerView.swift */; };
		D19FAE6C2C2029CC00F8D5FF /* ViewModelProtocol.swift in Sources */ = {isa = PBXBuildFile; fileRef = D19FAE6B2C2029CC00F8D5FF /* ViewModelProtocol.swift */; };
		D1A8001A2C2932D900C22792 /* LaunchScreen.storyboard in Resources */ = {isa = PBXBuildFile; fileRef = D1A904A32C1F0FB900971B97 /* LaunchScreen.storyboard */; };
		D1BE862E2C1EDD5000332CA2 /* Localizable.strings in Resources */ = {isa = PBXBuildFile; fileRef = D1BE86302C1EDD5000332CA2 /* Localizable.strings */; };
		D1BE86332C1EE29100332CA2 /* connected.json in Resources */ = {isa = PBXBuildFile; fileRef = D1BE86322C1EE29100332CA2 /* connected.json */; };
		D1C6E1D22C1C2F94006935CD /* AppDelegate.swift in Sources */ = {isa = PBXBuildFile; fileRef = D1C6E1D12C1C2F94006935CD /* AppDelegate.swift */; };
		D1C6E1DB2C1C2F96006935CD /* Assets.xcassets in Resources */ = {isa = PBXBuildFile; fileRef = D1C6E1DA2C1C2F96006935CD /* Assets.xcassets */; };
		D1C6E1F22C1C300F006935CD /* Coordinator.swift in Sources */ = {isa = PBXBuildFile; fileRef = D1C6E1F12C1C300F006935CD /* Coordinator.swift */; };
		D1C6E1F42C1C301A006935CD /* ViewSpecificController.swift in Sources */ = {isa = PBXBuildFile; fileRef = D1C6E1F32C1C301A006935CD /* ViewSpecificController.swift */; };
		D1C6E1F62C1C3027006935CD /* ReusableView.swift in Sources */ = {isa = PBXBuildFile; fileRef = D1C6E1F52C1C3027006935CD /* ReusableView.swift */; };
		D1C6E1F82C1C302F006935CD /* AlertViewController.swift in Sources */ = {isa = PBXBuildFile; fileRef = D1C6E1F72C1C302F006935CD /* AlertViewController.swift */; };
		D1C6E1FD2C1C3071006935CD /* UIView.swift in Sources */ = {isa = PBXBuildFile; fileRef = D1C6E1FC2C1C3071006935CD /* UIView.swift */; };
		D1C6E2012C1C30A3006935CD /* Bundle.swift in Sources */ = {isa = PBXBuildFile; fileRef = D1C6E2002C1C30A3006935CD /* Bundle.swift */; };
		D1C6E2192C1C3494006935CD /* UIColor.swift in Sources */ = {isa = PBXBuildFile; fileRef = D1C6E2182C1C3494006935CD /* UIColor.swift */; };
		D1C6E21B2C1C349E006935CD /* UIImage.swift in Sources */ = {isa = PBXBuildFile; fileRef = D1C6E21A2C1C349E006935CD /* UIImage.swift */; };
		D1C6E21D2C1C34B9006935CD /* AppColors.swift in Sources */ = {isa = PBXBuildFile; fileRef = D1C6E21C2C1C34B9006935CD /* AppColors.swift */; };
		D1C6E21F2C1C3510006935CD /* AppImages.swift in Sources */ = {isa = PBXBuildFile; fileRef = D1C6E21E2C1C3510006935CD /* AppImages.swift */; };
		D1C6E2242C1C3586006935CD /* TabBarController.swift in Sources */ = {isa = PBXBuildFile; fileRef = D1C6E2232C1C3586006935CD /* TabBarController.swift */; };
		D1C6E2292C1C35CA006935CD /* VPNCoordinator.swift in Sources */ = {isa = PBXBuildFile; fileRef = D1C6E2282C1C35CA006935CD /* VPNCoordinator.swift */; };
		D1C6E22B2C1C35D3006935CD /* AboutCoordinator.swift in Sources */ = {isa = PBXBuildFile; fileRef = D1C6E22A2C1C35D3006935CD /* AboutCoordinator.swift */; };
		D1C6E2312C1C360A006935CD /* VPNViewController.swift in Sources */ = {isa = PBXBuildFile; fileRef = D1C6E2302C1C360A006935CD /* VPNViewController.swift */; };
		D1C6E2332C1C360D006935CD /* VPNView.swift in Sources */ = {isa = PBXBuildFile; fileRef = D1C6E2322C1C360D006935CD /* VPNView.swift */; };
		D1C6E2352C1C360F006935CD /* VPNView.xib in Resources */ = {isa = PBXBuildFile; fileRef = D1C6E2342C1C360F006935CD /* VPNView.xib */; };
		D1C6E2372C1C361D006935CD /* CustomView.swift in Sources */ = {isa = PBXBuildFile; fileRef = D1C6E2362C1C361D006935CD /* CustomView.swift */; };
		D1C6E2392C1C3656006935CD /* AboutViewController.swift in Sources */ = {isa = PBXBuildFile; fileRef = D1C6E2382C1C3656006935CD /* AboutViewController.swift */; };
		D1C6E23B2C1C365F006935CD /* AboutView.swift in Sources */ = {isa = PBXBuildFile; fileRef = D1C6E23A2C1C365F006935CD /* AboutView.swift */; };
		D1C6E23D2C1C3672006935CD /* AboutView.xib in Resources */ = {isa = PBXBuildFile; fileRef = D1C6E23C2C1C3672006935CD /* AboutView.xib */; };
		D1F182EB2C1DE18700B9833D /* HTTPRequestMethod.swift in Sources */ = {isa = PBXBuildFile; fileRef = D1F182EA2C1DE18700B9833D /* HTTPRequestMethod.swift */; };
		D1F182ED2C1DE19900B9833D /* ResponseErrors.swift in Sources */ = {isa = PBXBuildFile; fileRef = D1F182EC2C1DE19900B9833D /* ResponseErrors.swift */; };
		D1F182EF2C1DE1AC00B9833D /* JSONData.swift in Sources */ = {isa = PBXBuildFile; fileRef = D1F182EE2C1DE1AC00B9833D /* JSONData.swift */; };
		D1F182F12C1DE23000B9833D /* JSONDownloader.swift in Sources */ = {isa = PBXBuildFile; fileRef = D1F182F02C1DE23000B9833D /* JSONDownloader.swift */; };
		D1F182F32C1DE26E00B9833D /* Headers.swift in Sources */ = {isa = PBXBuildFile; fileRef = D1F182F22C1DE26E00B9833D /* Headers.swift */; };
		D1F182F52C1DE2A200B9833D /* URLRequest.swift in Sources */ = {isa = PBXBuildFile; fileRef = D1F182F42C1DE2A200B9833D /* URLRequest.swift */; };
		D1F182FA2C1DE5F800B9833D /* ShadowSocksData.swift in Sources */ = {isa = PBXBuildFile; fileRef = D1F182F92C1DE5F800B9833D /* ShadowSocksData.swift */; };
		D1F183002C1DE9A100B9833D /* NetworkExtension.framework in Frameworks */ = {isa = PBXBuildFile; fileRef = D1C6E2082C1C33D7006935CD /* NetworkExtension.framework */; };
		D1F183032C1DE9A100B9833D /* AppProxyProvider.swift in Sources */ = {isa = PBXBuildFile; fileRef = D1F183022C1DE9A100B9833D /* AppProxyProvider.swift */; };
		D1F183082C1DE9A100B9833D /* VpnExtension.appex in Embed Foundation Extensions */ = {isa = PBXBuildFile; fileRef = D1F182FF2C1DE9A100B9833D /* VpnExtension.appex */; settings = {ATTRIBUTES = (RemoveHeadersOnCopy, ); }; };
		D1F1830D2C1DE9EB00B9833D /* PacketTunnelProvider in Frameworks */ = {isa = PBXBuildFile; productRef = D1F1830C2C1DE9EB00B9833D /* PacketTunnelProvider */; };
		D1F86F5D2C20A363004C0076 /* IPResponse.swift in Sources */ = {isa = PBXBuildFile; fileRef = D1F86F5C2C20A363004C0076 /* IPResponse.swift */; };
/* End PBXBuildFile section */

/* Begin PBXContainerItemProxy section */
		D1F183062C1DE9A100B9833D /* PBXContainerItemProxy */ = {
			isa = PBXContainerItemProxy;
			containerPortal = D1C6E1C62C1C2F94006935CD /* Project object */;
			proxyType = 1;
			remoteGlobalIDString = D1F182FE2C1DE9A100B9833D;
			remoteInfo = VpnExtension;
		};
/* End PBXContainerItemProxy section */

/* Begin PBXCopyFilesBuildPhase section */
		D1C6E2152C1C33D7006935CD /* Embed Foundation Extensions */ = {
			isa = PBXCopyFilesBuildPhase;
			buildActionMask = 2147483647;
			dstPath = "";
			dstSubfolderSpec = 13;
			files = (
				D1F183082C1DE9A100B9833D /* VpnExtension.appex in Embed Foundation Extensions */,
			);
			name = "Embed Foundation Extensions";
			runOnlyForDeploymentPostprocessing = 0;
		};
/* End PBXCopyFilesBuildPhase section */

/* Begin PBXFileReference section */
		D10750002C1CB5AA00026F0A /* UserDefaults.swift */ = {isa = PBXFileReference; lastKnownFileType = sourcecode.swift; path = UserDefaults.swift; sourceTree = "<group>"; };
		D10750032C1CB6A800026F0A /* VPNViewModel.swift */ = {isa = PBXFileReference; lastKnownFileType = sourcecode.swift; path = VPNViewModel.swift; sourceTree = "<group>"; };
		D10750052C1CBA6600026F0A /* HighlightButton.swift */ = {isa = PBXFileReference; lastKnownFileType = sourcecode.swift; path = HighlightButton.swift; sourceTree = "<group>"; };
		D10750072C1CBA8200026F0A /* UINavigationBar.swift */ = {isa = PBXFileReference; lastKnownFileType = sourcecode.swift; path = UINavigationBar.swift; sourceTree = "<group>"; };
		D10750092C1CC1A000026F0A /* UIViewController.swift */ = {isa = PBXFileReference; lastKnownFileType = sourcecode.swift; path = UIViewController.swift; sourceTree = "<group>"; };
		D107500B2C1CC1D200026F0A /* MainConstants.swift */ = {isa = PBXFileReference; lastKnownFileType = sourcecode.swift; path = MainConstants.swift; sourceTree = "<group>"; };
		D107500E2C1CCAF900026F0A /* attribution.docx */ = {isa = PBXFileReference; lastKnownFileType = file; name = attribution.docx; path = ../../../../Downloads/attribution.docx; sourceTree = "<group>"; };
		D107500F2C1CCAF900026F0A /* politicy.docx */ = {isa = PBXFileReference; lastKnownFileType = file; name = politicy.docx; path = ../../../../Downloads/politicy.docx; sourceTree = "<group>"; };
		D10750102C1CCAF900026F0A /* dataCollection.docx */ = {isa = PBXFileReference; lastKnownFileType = file; name = dataCollection.docx; path = ../../../../Downloads/dataCollection.docx; sourceTree = "<group>"; };
		D10750112C1CCAF900026F0A /* conditions.docx */ = {isa = PBXFileReference; lastKnownFileType = file; name = conditions.docx; path = ../../../../Downloads/conditions.docx; sourceTree = "<group>"; };
		D137AEBE2C2EE58000966F6C /* String.swift */ = {isa = PBXFileReference; lastKnownFileType = sourcecode.swift; path = String.swift; sourceTree = "<group>"; };
		D13F0F502C218B71006CD24E /* NotificationName.swift */ = {isa = PBXFileReference; lastKnownFileType = sourcecode.swift; path = NotificationName.swift; sourceTree = "<group>"; };
		D1442D6E2C2554B10066FC39 /* AlertLogger.swift */ = {isa = PBXFileReference; lastKnownFileType = sourcecode.swift; path = AlertLogger.swift; sourceTree = "<group>"; };
		D1442D702C25576E0066FC39 /* en */ = {isa = PBXFileReference; lastKnownFileType = text.plist.xml; name = en; path = en.lproj/Info.plist; sourceTree = "<group>"; };
		D1442D752C255BDE0066FC39 /* ru */ = {isa = PBXFileReference; lastKnownFileType = text.plist.xml; name = ru; path = ru.lproj/Info.plist; sourceTree = "<group>"; };
		D1442D792C255D0F0066FC39 /* en */ = {isa = PBXFileReference; lastKnownFileType = text.plist.strings; name = en; path = en.lproj/InfoPlist.strings; sourceTree = "<group>"; };
		D1442D7B2C255D100066FC39 /* ru */ = {isa = PBXFileReference; lastKnownFileType = text.plist.strings; name = ru; path = ru.lproj/InfoPlist.strings; sourceTree = "<group>"; };
		D17685322C1F51D8005C59D6 /* ServerModel.swift */ = {isa = PBXFileReference; lastKnownFileType = sourcecode.swift; path = ServerModel.swift; sourceTree = "<group>"; };
		D17685342C1F52C3005C59D6 /* EndPoints.swift */ = {isa = PBXFileReference; lastKnownFileType = sourcecode.swift; path = EndPoints.swift; sourceTree = "<group>"; };
		D17685362C1F5316005C59D6 /* CustomDecoder.swift */ = {isa = PBXFileReference; lastKnownFileType = sourcecode.swift; path = CustomDecoder.swift; sourceTree = "<group>"; };
		D18B84BF2C1EFADF006B72C7 /* LocalizationManager.swift */ = {isa = PBXFileReference; lastKnownFileType = sourcecode.swift; path = LocalizationManager.swift; sourceTree = "<group>"; };
		D18B84C12C1EFEB7006B72C7 /* Symbols.swift */ = {isa = PBXFileReference; lastKnownFileType = sourcecode.swift; path = Symbols.swift; sourceTree = "<group>"; };
		D18B84CA2C1F0011006B72C7 /* LanguageDataProvider.swift */ = {isa = PBXFileReference; lastKnownFileType = sourcecode.swift; path = LanguageDataProvider.swift; sourceTree = "<group>"; };
		D18B84CC2C1F001A006B72C7 /* LanguageViewController.swift */ = {isa = PBXFileReference; lastKnownFileType = sourcecode.swift; path = LanguageViewController.swift; sourceTree = "<group>"; };
		D18B84CE2C1F0022006B72C7 /* LanguageView.swift */ = {isa = PBXFileReference; lastKnownFileType = sourcecode.swift; path = LanguageView.swift; sourceTree = "<group>"; };
		D18B84D02C1F002C006B72C7 /* LanguageView.xib */ = {isa = PBXFileReference; lastKnownFileType = file.xib; path = LanguageView.xib; sourceTree = "<group>"; };
		D18B84D22C1F0037006B72C7 /* LanguageCollectionViewCell.swift */ = {isa = PBXFileReference; lastKnownFileType = sourcecode.swift; path = LanguageCollectionViewCell.swift; sourceTree = "<group>"; };
		D18B84D42C1F003D006B72C7 /* LanguageCollectionViewCell.xib */ = {isa = PBXFileReference; lastKnownFileType = file.xib; path = LanguageCollectionViewCell.xib; sourceTree = "<group>"; };
		D18B84D62C1F01DE006B72C7 /* LanguageModel.swift */ = {isa = PBXFileReference; lastKnownFileType = sourcecode.swift; path = LanguageModel.swift; sourceTree = "<group>"; };
		D196B4612C1D7F4A00EC7038 /* AddKeyViewController.swift */ = {isa = PBXFileReference; lastKnownFileType = sourcecode.swift; path = AddKeyViewController.swift; sourceTree = "<group>"; };
		D196B4632C1D7F9B00EC7038 /* AddKeyView.swift */ = {isa = PBXFileReference; lastKnownFileType = sourcecode.swift; path = AddKeyView.swift; sourceTree = "<group>"; };
		D196B4652C1D833F00EC7038 /* AddKeyView.xib */ = {isa = PBXFileReference; lastKnownFileType = file.xib; path = AddKeyView.xib; sourceTree = "<group>"; };
		D196B46A2C1D91E200EC7038 /* LaunchScreenViewController.swift */ = {isa = PBXFileReference; lastKnownFileType = sourcecode.swift; path = LaunchScreenViewController.swift; sourceTree = "<group>"; };
		D196B46C2C1D91E600EC7038 /* LaunchScreenView.swift */ = {isa = PBXFileReference; lastKnownFileType = sourcecode.swift; path = LaunchScreenView.swift; sourceTree = "<group>"; };
		D196B46E2C1D91E900EC7038 /* LaunchScreenView.xib */ = {isa = PBXFileReference; lastKnownFileType = file.xib; path = LaunchScreenView.xib; sourceTree = "<group>"; };
		D196B4742C1D9CC700EC7038 /* lightning.json */ = {isa = PBXFileReference; fileEncoding = 4; lastKnownFileType = text.json; name = lightning.json; path = ../../../../Downloads/lightning.json; sourceTree = "<group>"; };
		D19FAE692C2029B000F8D5FF /* CustomSpinnerView.swift */ = {isa = PBXFileReference; lastKnownFileType = sourcecode.swift; path = CustomSpinnerView.swift; sourceTree = "<group>"; };
		D19FAE6B2C2029CC00F8D5FF /* ViewModelProtocol.swift */ = {isa = PBXFileReference; lastKnownFileType = sourcecode.swift; path = ViewModelProtocol.swift; sourceTree = "<group>"; };
		D1A904A32C1F0FB900971B97 /* LaunchScreen.storyboard */ = {isa = PBXFileReference; lastKnownFileType = file.storyboard; path = LaunchScreen.storyboard; sourceTree = "<group>"; };
		D1BE862F2C1EDD5000332CA2 /* en */ = {isa = PBXFileReference; lastKnownFileType = text.plist.strings; name = en; path = en.lproj/Localizable.strings; sourceTree = "<group>"; };
		D1BE86312C1EDD6700332CA2 /* ru */ = {isa = PBXFileReference; lastKnownFileType = text.plist.strings; name = ru; path = ru.lproj/Localizable.strings; sourceTree = "<group>"; };
		D1BE86322C1EE29100332CA2 /* connected.json */ = {isa = PBXFileReference; fileEncoding = 4; lastKnownFileType = text.json; name = connected.json; path = ../../../../Downloads/connected.json; sourceTree = "<group>"; };
		D1C6E1CE2C1C2F94006935CD /* FastVPN.app */ = {isa = PBXFileReference; explicitFileType = wrapper.application; includeInIndex = 0; path = FastVPN.app; sourceTree = BUILT_PRODUCTS_DIR; };
		D1C6E1D12C1C2F94006935CD /* AppDelegate.swift */ = {isa = PBXFileReference; lastKnownFileType = sourcecode.swift; path = AppDelegate.swift; sourceTree = "<group>"; };
		D1C6E1DA2C1C2F96006935CD /* Assets.xcassets */ = {isa = PBXFileReference; lastKnownFileType = folder.assetcatalog; path = Assets.xcassets; sourceTree = "<group>"; };
		D1C6E1F12C1C300F006935CD /* Coordinator.swift */ = {isa = PBXFileReference; lastKnownFileType = sourcecode.swift; path = Coordinator.swift; sourceTree = "<group>"; };
		D1C6E1F32C1C301A006935CD /* ViewSpecificController.swift */ = {isa = PBXFileReference; lastKnownFileType = sourcecode.swift; path = ViewSpecificController.swift; sourceTree = "<group>"; };
		D1C6E1F52C1C3027006935CD /* ReusableView.swift */ = {isa = PBXFileReference; lastKnownFileType = sourcecode.swift; path = ReusableView.swift; sourceTree = "<group>"; };
		D1C6E1F72C1C302F006935CD /* AlertViewController.swift */ = {isa = PBXFileReference; lastKnownFileType = sourcecode.swift; path = AlertViewController.swift; sourceTree = "<group>"; };
		D1C6E1FC2C1C3071006935CD /* UIView.swift */ = {isa = PBXFileReference; lastKnownFileType = sourcecode.swift; path = UIView.swift; sourceTree = "<group>"; };
		D1C6E2002C1C30A3006935CD /* Bundle.swift */ = {isa = PBXFileReference; lastKnownFileType = sourcecode.swift; path = Bundle.swift; sourceTree = "<group>"; };
		D1C6E2082C1C33D7006935CD /* NetworkExtension.framework */ = {isa = PBXFileReference; lastKnownFileType = wrapper.framework; name = NetworkExtension.framework; path = System/Library/Frameworks/NetworkExtension.framework; sourceTree = SDKROOT; };
		D1C6E2182C1C3494006935CD /* UIColor.swift */ = {isa = PBXFileReference; lastKnownFileType = sourcecode.swift; path = UIColor.swift; sourceTree = "<group>"; };
		D1C6E21A2C1C349E006935CD /* UIImage.swift */ = {isa = PBXFileReference; lastKnownFileType = sourcecode.swift; path = UIImage.swift; sourceTree = "<group>"; };
		D1C6E21C2C1C34B9006935CD /* AppColors.swift */ = {isa = PBXFileReference; lastKnownFileType = sourcecode.swift; path = AppColors.swift; sourceTree = "<group>"; };
		D1C6E21E2C1C3510006935CD /* AppImages.swift */ = {isa = PBXFileReference; lastKnownFileType = sourcecode.swift; path = AppImages.swift; sourceTree = "<group>"; };
		D1C6E2232C1C3586006935CD /* TabBarController.swift */ = {isa = PBXFileReference; lastKnownFileType = sourcecode.swift; path = TabBarController.swift; sourceTree = "<group>"; };
		D1C6E2282C1C35CA006935CD /* VPNCoordinator.swift */ = {isa = PBXFileReference; lastKnownFileType = sourcecode.swift; path = VPNCoordinator.swift; sourceTree = "<group>"; };
		D1C6E22A2C1C35D3006935CD /* AboutCoordinator.swift */ = {isa = PBXFileReference; lastKnownFileType = sourcecode.swift; path = AboutCoordinator.swift; sourceTree = "<group>"; };
		D1C6E2302C1C360A006935CD /* VPNViewController.swift */ = {isa = PBXFileReference; lastKnownFileType = sourcecode.swift; path = VPNViewController.swift; sourceTree = "<group>"; };
		D1C6E2322C1C360D006935CD /* VPNView.swift */ = {isa = PBXFileReference; lastKnownFileType = sourcecode.swift; path = VPNView.swift; sourceTree = "<group>"; };
		D1C6E2342C1C360F006935CD /* VPNView.xib */ = {isa = PBXFileReference; lastKnownFileType = file.xib; path = VPNView.xib; sourceTree = "<group>"; };
		D1C6E2362C1C361D006935CD /* CustomView.swift */ = {isa = PBXFileReference; lastKnownFileType = sourcecode.swift; path = CustomView.swift; sourceTree = "<group>"; };
		D1C6E2382C1C3656006935CD /* AboutViewController.swift */ = {isa = PBXFileReference; lastKnownFileType = sourcecode.swift; path = AboutViewController.swift; sourceTree = "<group>"; };
		D1C6E23A2C1C365F006935CD /* AboutView.swift */ = {isa = PBXFileReference; lastKnownFileType = sourcecode.swift; path = AboutView.swift; sourceTree = "<group>"; };
		D1C6E23C2C1C3672006935CD /* AboutView.xib */ = {isa = PBXFileReference; lastKnownFileType = file.xib; path = AboutView.xib; sourceTree = "<group>"; };
		D1C6E23E2C1C37DF006935CD /* FastVPN.entitlements */ = {isa = PBXFileReference; lastKnownFileType = text.plist.entitlements; path = FastVPN.entitlements; sourceTree = "<group>"; };
		D1F182EA2C1DE18700B9833D /* HTTPRequestMethod.swift */ = {isa = PBXFileReference; lastKnownFileType = sourcecode.swift; path = HTTPRequestMethod.swift; sourceTree = "<group>"; };
		D1F182EC2C1DE19900B9833D /* ResponseErrors.swift */ = {isa = PBXFileReference; lastKnownFileType = sourcecode.swift; path = ResponseErrors.swift; sourceTree = "<group>"; };
		D1F182EE2C1DE1AC00B9833D /* JSONData.swift */ = {isa = PBXFileReference; lastKnownFileType = sourcecode.swift; path = JSONData.swift; sourceTree = "<group>"; };
		D1F182F02C1DE23000B9833D /* JSONDownloader.swift */ = {isa = PBXFileReference; lastKnownFileType = sourcecode.swift; path = JSONDownloader.swift; sourceTree = "<group>"; };
		D1F182F22C1DE26E00B9833D /* Headers.swift */ = {isa = PBXFileReference; lastKnownFileType = sourcecode.swift; path = Headers.swift; sourceTree = "<group>"; };
		D1F182F42C1DE2A200B9833D /* URLRequest.swift */ = {isa = PBXFileReference; lastKnownFileType = sourcecode.swift; path = URLRequest.swift; sourceTree = "<group>"; };
		D1F182F92C1DE5F800B9833D /* ShadowSocksData.swift */ = {isa = PBXFileReference; lastKnownFileType = sourcecode.swift; path = ShadowSocksData.swift; sourceTree = "<group>"; };
		D1F182FF2C1DE9A100B9833D /* VpnExtension.appex */ = {isa = PBXFileReference; explicitFileType = "wrapper.app-extension"; includeInIndex = 0; path = VpnExtension.appex; sourceTree = BUILT_PRODUCTS_DIR; };
		D1F183022C1DE9A100B9833D /* AppProxyProvider.swift */ = {isa = PBXFileReference; lastKnownFileType = sourcecode.swift; path = AppProxyProvider.swift; sourceTree = "<group>"; };
		D1F183042C1DE9A100B9833D /* Info.plist */ = {isa = PBXFileReference; lastKnownFileType = text.plist.xml; path = Info.plist; sourceTree = "<group>"; };
		D1F183052C1DE9A100B9833D /* VpnExtension.entitlements */ = {isa = PBXFileReference; lastKnownFileType = text.plist.entitlements; path = VpnExtension.entitlements; sourceTree = "<group>"; };
		D1F86F5C2C20A363004C0076 /* IPResponse.swift */ = {isa = PBXFileReference; lastKnownFileType = sourcecode.swift; path = IPResponse.swift; sourceTree = "<group>"; };
/* End PBXFileReference section */

/* Begin PBXFrameworksBuildPhase section */
		D1C6E1CB2C1C2F94006935CD /* Frameworks */ = {
			isa = PBXFrameworksBuildPhase;
			buildActionMask = 2147483647;
			files = (
				D1074FFB2C1CB20E00026F0A /* OutlineAppleLib in Frameworks */,
				D15C90902C22EF1300CEEB98 /* DeviceKit in Frameworks */,
				D142F1842C1C4AE9003760A8 /* NetworkExtension.framework in Frameworks */,
				D1074FF82C1CB1F600026F0A /* SwiftMessages in Frameworks */,
				D196B4782C1D9DC900EC7038 /* SnapKit in Frameworks */,
				D1074FFD2C1CB20E00026F0A /* OutlineLauncher in Frameworks */,
				D1074FF52C1CB1E300026F0A /* Haptica in Frameworks */,
				D196B4722C1D985600EC7038 /* Lottie in Frameworks */,
			);
			runOnlyForDeploymentPostprocessing = 0;
		};
		D1F182FC2C1DE9A100B9833D /* Frameworks */ = {
			isa = PBXFrameworksBuildPhase;
			buildActionMask = 2147483647;
			files = (
				D1F183002C1DE9A100B9833D /* NetworkExtension.framework in Frameworks */,
				D1F1830D2C1DE9EB00B9833D /* PacketTunnelProvider in Frameworks */,
			);
			runOnlyForDeploymentPostprocessing = 0;
		};
/* End PBXFrameworksBuildPhase section */

/* Begin PBXGroup section */
		D10750022C1CB69500026F0A /* View Model */ = {
			isa = PBXGroup;
			children = (
				D10750032C1CB6A800026F0A /* VPNViewModel.swift */,
			);
			path = "View Model";
			sourceTree = "<group>";
		};
		D107500D2C1CCAEC00026F0A /* Files */ = {
			isa = PBXGroup;
			children = (
				D107500E2C1CCAF900026F0A /* attribution.docx */,
				D107500F2C1CCAF900026F0A /* politicy.docx */,
				D10750102C1CCAF900026F0A /* dataCollection.docx */,
				D10750112C1CCAF900026F0A /* conditions.docx */,
			);
			path = Files;
			sourceTree = "<group>";
		};
		D18B84C32C1EFFE7006B72C7 /* About */ = {
			isa = PBXGroup;
			children = (
				D1C6E22D2C1C35F6006935CD /* View Controller */,
				D1C6E22C2C1C35F1006935CD /* View  */,
			);
			path = About;
			sourceTree = "<group>";
		};
		D18B84C42C1EFFF0006B72C7 /* Language */ = {
			isa = PBXGroup;
			children = (
				D18B84C92C1F0007006B72C7 /* Data Provider */,
				D18B84C82C1F0001006B72C7 /* View Controller */,
				D18B84C52C1EFFF6006B72C7 /* View */,
			);
			path = Language;
			sourceTree = "<group>";
		};
		D18B84C52C1EFFF6006B72C7 /* View */ = {
			isa = PBXGroup;
			children = (
				D18B84C72C1EFFFB006B72C7 /* Root View */,
				D18B84C62C1EFFF9006B72C7 /* Cell */,
			);
			path = View;
			sourceTree = "<group>";
		};
		D18B84C62C1EFFF9006B72C7 /* Cell */ = {
			isa = PBXGroup;
			children = (
				D18B84D22C1F0037006B72C7 /* LanguageCollectionViewCell.swift */,
				D18B84D42C1F003D006B72C7 /* LanguageCollectionViewCell.xib */,
			);
			path = Cell;
			sourceTree = "<group>";
		};
		D18B84C72C1EFFFB006B72C7 /* Root View */ = {
			isa = PBXGroup;
			children = (
				D18B84CE2C1F0022006B72C7 /* LanguageView.swift */,
				D18B84D02C1F002C006B72C7 /* LanguageView.xib */,
			);
			path = "Root View";
			sourceTree = "<group>";
		};
		D18B84C82C1F0001006B72C7 /* View Controller */ = {
			isa = PBXGroup;
			children = (
				D18B84CC2C1F001A006B72C7 /* LanguageViewController.swift */,
			);
			path = "View Controller";
			sourceTree = "<group>";
		};
		D18B84C92C1F0007006B72C7 /* Data Provider */ = {
			isa = PBXGroup;
			children = (
				D18B84CA2C1F0011006B72C7 /* LanguageDataProvider.swift */,
			);
			path = "Data Provider";
			sourceTree = "<group>";
		};
		D196B45D2C1D7F1C00EC7038 /* VPN */ = {
			isa = PBXGroup;
			children = (
				D1C6E22F2C1C35FF006935CD /* View Controller */,
				D1C6E22E2C1C35FD006935CD /* View */,
				D10750022C1CB69500026F0A /* View Model */,
			);
			path = VPN;
			sourceTree = "<group>";
		};
		D196B45E2C1D7F2800EC7038 /* AddKey */ = {
			isa = PBXGroup;
			children = (
				D196B4602C1D7F4000EC7038 /* View  Controller */,
				D196B45F2C1D7F3D00EC7038 /* View */,
			);
			path = AddKey;
			sourceTree = "<group>";
		};
		D196B45F2C1D7F3D00EC7038 /* View */ = {
			isa = PBXGroup;
			children = (
				D196B4632C1D7F9B00EC7038 /* AddKeyView.swift */,
				D196B4652C1D833F00EC7038 /* AddKeyView.xib */,
			);
			path = View;
			sourceTree = "<group>";
		};
		D196B4602C1D7F4000EC7038 /* View  Controller */ = {
			isa = PBXGroup;
			children = (
				D196B4612C1D7F4A00EC7038 /* AddKeyViewController.swift */,
			);
			path = "View  Controller";
			sourceTree = "<group>";
		};
		D196B4672C1D91C400EC7038 /* LaunchScreen */ = {
			isa = PBXGroup;
			children = (
				D196B4692C1D91D300EC7038 /* View Controller */,
				D196B4682C1D91CF00EC7038 /* View */,
			);
			path = LaunchScreen;
			sourceTree = "<group>";
		};
		D196B4682C1D91CF00EC7038 /* View */ = {
			isa = PBXGroup;
			children = (
				D196B46C2C1D91E600EC7038 /* LaunchScreenView.swift */,
				D196B46E2C1D91E900EC7038 /* LaunchScreenView.xib */,
			);
			path = View;
			sourceTree = "<group>";
		};
		D196B4692C1D91D300EC7038 /* View Controller */ = {
			isa = PBXGroup;
			children = (
				D196B46A2C1D91E200EC7038 /* LaunchScreenViewController.swift */,
			);
			path = "View Controller";
			sourceTree = "<group>";
		};
		D196B4732C1D9CB200EC7038 /* Lottie */ = {
			isa = PBXGroup;
			children = (
				D1BE86322C1EE29100332CA2 /* connected.json */,
				D196B4742C1D9CC700EC7038 /* lightning.json */,
			);
			path = Lottie;
			sourceTree = "<group>";
		};
		D1BE862B2C1EDD2200332CA2 /* Localization */ = {
			isa = PBXGroup;
			children = (
				D1BE86302C1EDD5000332CA2 /* Localizable.strings */,
				D1442D7A2C255D0F0066FC39 /* InfoPlist.strings */,
			);
			path = Localization;
			sourceTree = "<group>";
		};
		D1C6E1C52C1C2F94006935CD = {
			isa = PBXGroup;
			children = (
				D1C6E1EC2C1C2FCD006935CD /* Shared */,
				D1C6E1D02C1C2F94006935CD /* FastVPN */,
				D1F183012C1DE9A100B9833D /* VpnExtension */,
				D1C6E2072C1C33D7006935CD /* Frameworks */,
				D1C6E1CF2C1C2F94006935CD /* Products */,
			);
			sourceTree = "<group>";
		};
		D1C6E1CF2C1C2F94006935CD /* Products */ = {
			isa = PBXGroup;
			children = (
				D1C6E1CE2C1C2F94006935CD /* FastVPN.app */,
				D1F182FF2C1DE9A100B9833D /* VpnExtension.appex */,
			);
			name = Products;
			sourceTree = "<group>";
		};
		D1C6E1D02C1C2F94006935CD /* FastVPN */ = {
			isa = PBXGroup;
			children = (
				D1C6E23E2C1C37DF006935CD /* FastVPN.entitlements */,
				D196B4672C1D91C400EC7038 /* LaunchScreen */,
				D1C6E2222C1C356B006935CD /* Tabbar Controller */,
				D1C6E2212C1C3565006935CD /* VPN */,
				D1C6E2202C1C355A006935CD /* About */,
				D1C6E1D12C1C2F94006935CD /* AppDelegate.swift */,
				D1C6E1DA2C1C2F96006935CD /* Assets.xcassets */,
				D1A904A32C1F0FB900971B97 /* LaunchScreen.storyboard */,
				D1442D712C25576E0066FC39 /* Info.plist */,
			);
			path = FastVPN;
			sourceTree = "<group>";
		};
		D1C6E1EC2C1C2FCD006935CD /* Shared */ = {
			isa = PBXGroup;
			children = (
				D1BE862B2C1EDD2200332CA2 /* Localization */,
				D1F182F82C1DE5F300B9833D /* Models */,
				D1F182E92C1DE15B00B9833D /* Response */,
				D196B4732C1D9CB200EC7038 /* Lottie */,
				D107500D2C1CCAEC00026F0A /* Files */,
				D1C6E1F02C1C3007006935CD /* Protocols */,
				D1C6E1EE2C1C2FE8006935CD /* Extensions */,
				D1C6E1ED2C1C2FD4006935CD /* Classes */,
			);
			path = Shared;
			sourceTree = "<group>";
		};
		D1C6E1ED2C1C2FD4006935CD /* Classes */ = {
			isa = PBXGroup;
			children = (
				D1C6E21C2C1C34B9006935CD /* AppColors.swift */,
				D1C6E21E2C1C3510006935CD /* AppImages.swift */,
				D1C6E2362C1C361D006935CD /* CustomView.swift */,
				D107500B2C1CC1D200026F0A /* MainConstants.swift */,
				D18B84C12C1EFEB7006B72C7 /* Symbols.swift */,
				D19FAE692C2029B000F8D5FF /* CustomSpinnerView.swift */,
				D1442D6E2C2554B10066FC39 /* AlertLogger.swift */,
			);
			path = Classes;
			sourceTree = "<group>";
		};
		D1C6E1EE2C1C2FE8006935CD /* Extensions */ = {
			isa = PBXGroup;
			children = (
				D1C6E1FC2C1C3071006935CD /* UIView.swift */,
				D10750052C1CBA6600026F0A /* HighlightButton.swift */,
				D10750072C1CBA8200026F0A /* UINavigationBar.swift */,
				D1C6E2002C1C30A3006935CD /* Bundle.swift */,
				D137AEBE2C2EE58000966F6C /* String.swift */,
				D17685342C1F52C3005C59D6 /* EndPoints.swift */,
				D10750092C1CC1A000026F0A /* UIViewController.swift */,
				D1C6E2182C1C3494006935CD /* UIColor.swift */,
				D1C6E21A2C1C349E006935CD /* UIImage.swift */,
				D10750002C1CB5AA00026F0A /* UserDefaults.swift */,
				D1F182F42C1DE2A200B9833D /* URLRequest.swift */,
				D13F0F502C218B71006CD24E /* NotificationName.swift */,
			);
			path = Extensions;
			sourceTree = "<group>";
		};
		D1C6E1F02C1C3007006935CD /* Protocols */ = {
			isa = PBXGroup;
			children = (
				D1C6E1F12C1C300F006935CD /* Coordinator.swift */,
				D1C6E1F32C1C301A006935CD /* ViewSpecificController.swift */,
				D1C6E1F52C1C3027006935CD /* ReusableView.swift */,
				D1C6E1F72C1C302F006935CD /* AlertViewController.swift */,
				D18B84BF2C1EFADF006B72C7 /* LocalizationManager.swift */,
				D19FAE6B2C2029CC00F8D5FF /* ViewModelProtocol.swift */,
			);
			path = Protocols;
			sourceTree = "<group>";
		};
		D1C6E2072C1C33D7006935CD /* Frameworks */ = {
			isa = PBXGroup;
			children = (
				D1C6E2082C1C33D7006935CD /* NetworkExtension.framework */,
			);
			name = Frameworks;
			sourceTree = "<group>";
		};
		D1C6E2202C1C355A006935CD /* About */ = {
			isa = PBXGroup;
			children = (
				D1C6E22A2C1C35D3006935CD /* AboutCoordinator.swift */,
				D18B84C32C1EFFE7006B72C7 /* About */,
				D18B84C42C1EFFF0006B72C7 /* Language */,
			);
			path = About;
			sourceTree = "<group>";
		};
		D1C6E2212C1C3565006935CD /* VPN */ = {
			isa = PBXGroup;
			children = (
				D1C6E2282C1C35CA006935CD /* VPNCoordinator.swift */,
				D196B45D2C1D7F1C00EC7038 /* VPN */,
				D196B45E2C1D7F2800EC7038 /* AddKey */,
			);
			path = VPN;
			sourceTree = "<group>";
		};
		D1C6E2222C1C356B006935CD /* Tabbar Controller */ = {
			isa = PBXGroup;
			children = (
				D1C6E2232C1C3586006935CD /* TabBarController.swift */,
			);
			path = "Tabbar Controller";
			sourceTree = "<group>";
		};
		D1C6E22C2C1C35F1006935CD /* View  */ = {
			isa = PBXGroup;
			children = (
				D1C6E23A2C1C365F006935CD /* AboutView.swift */,
				D1C6E23C2C1C3672006935CD /* AboutView.xib */,
			);
			path = "View ";
			sourceTree = "<group>";
		};
		D1C6E22D2C1C35F6006935CD /* View Controller */ = {
			isa = PBXGroup;
			children = (
				D1C6E2382C1C3656006935CD /* AboutViewController.swift */,
			);
			path = "View Controller";
			sourceTree = "<group>";
		};
		D1C6E22E2C1C35FD006935CD /* View */ = {
			isa = PBXGroup;
			children = (
				D1C6E2322C1C360D006935CD /* VPNView.swift */,
				D1C6E2342C1C360F006935CD /* VPNView.xib */,
			);
			path = View;
			sourceTree = "<group>";
		};
		D1C6E22F2C1C35FF006935CD /* View Controller */ = {
			isa = PBXGroup;
			children = (
				D1C6E2302C1C360A006935CD /* VPNViewController.swift */,
			);
			path = "View Controller";
			sourceTree = "<group>";
		};
		D1F182E92C1DE15B00B9833D /* Response */ = {
			isa = PBXGroup;
			children = (
				D1F182EA2C1DE18700B9833D /* HTTPRequestMethod.swift */,
				D1F182EC2C1DE19900B9833D /* ResponseErrors.swift */,
				D1F182EE2C1DE1AC00B9833D /* JSONData.swift */,
				D1F182F02C1DE23000B9833D /* JSONDownloader.swift */,
				D1F182F22C1DE26E00B9833D /* Headers.swift */,
				D17685362C1F5316005C59D6 /* CustomDecoder.swift */,
			);
			path = Response;
			sourceTree = "<group>";
		};
		D1F182F82C1DE5F300B9833D /* Models */ = {
			isa = PBXGroup;
			children = (
				D1F182F92C1DE5F800B9833D /* ShadowSocksData.swift */,
				D18B84D62C1F01DE006B72C7 /* LanguageModel.swift */,
				D17685322C1F51D8005C59D6 /* ServerModel.swift */,
				D1F86F5C2C20A363004C0076 /* IPResponse.swift */,
			);
			path = Models;
			sourceTree = "<group>";
		};
		D1F183012C1DE9A100B9833D /* VpnExtension */ = {
			isa = PBXGroup;
			children = (
				D1F183022C1DE9A100B9833D /* AppProxyProvider.swift */,
				D1F183042C1DE9A100B9833D /* Info.plist */,
				D1F183052C1DE9A100B9833D /* VpnExtension.entitlements */,
			);
			path = VpnExtension;
			sourceTree = "<group>";
		};
/* End PBXGroup section */

/* Begin PBXNativeTarget section */
		D1C6E1CD2C1C2F94006935CD /* FastVPN */ = {
			isa = PBXNativeTarget;
			buildConfigurationList = D1C6E1E22C1C2F96006935CD /* Build configuration list for PBXNativeTarget "FastVPN" */;
			buildPhases = (
				D1C6E1CA2C1C2F94006935CD /* Sources */,
				D1C6E1CB2C1C2F94006935CD /* Frameworks */,
				D1C6E1CC2C1C2F94006935CD /* Resources */,
				D1C6E2152C1C33D7006935CD /* Embed Foundation Extensions */,
			);
			buildRules = (
			);
			dependencies = (
				D1F183072C1DE9A100B9833D /* PBXTargetDependency */,
			);
			name = FastVPN;
			packageProductDependencies = (
				D1074FF42C1CB1E300026F0A /* Haptica */,
				D1074FF72C1CB1F600026F0A /* SwiftMessages */,
				D1074FFA2C1CB20E00026F0A /* OutlineAppleLib */,
				D1074FFC2C1CB20E00026F0A /* OutlineLauncher */,
				D196B4712C1D985600EC7038 /* Lottie */,
				D196B4772C1D9DC900EC7038 /* SnapKit */,
				D15C908F2C22EF1300CEEB98 /* DeviceKit */,
			);
			productName = FastVPN;
			productReference = D1C6E1CE2C1C2F94006935CD /* FastVPN.app */;
			productType = "com.apple.product-type.application";
		};
		D1F182FE2C1DE9A100B9833D /* VpnExtension */ = {
			isa = PBXNativeTarget;
			buildConfigurationList = D1F183092C1DE9A100B9833D /* Build configuration list for PBXNativeTarget "VpnExtension" */;
			buildPhases = (
				D1F182FB2C1DE9A100B9833D /* Sources */,
				D1F182FC2C1DE9A100B9833D /* Frameworks */,
				D1F182FD2C1DE9A100B9833D /* Resources */,
			);
			buildRules = (
			);
			dependencies = (
			);
			name = VpnExtension;
			packageProductDependencies = (
				D1F1830C2C1DE9EB00B9833D /* PacketTunnelProvider */,
			);
			productName = VpnExtension;
			productReference = D1F182FF2C1DE9A100B9833D /* VpnExtension.appex */;
			productType = "com.apple.product-type.app-extension";
		};
/* End PBXNativeTarget section */

/* Begin PBXProject section */
		D1C6E1C62C1C2F94006935CD /* Project object */ = {
			isa = PBXProject;
			attributes = {
				BuildIndependentTargetsInParallel = NO;
				LastSwiftUpdateCheck = 1510;
				LastUpgradeCheck = 1540;
				TargetAttributes = {
					D1C6E1CD2C1C2F94006935CD = {
						CreatedOnToolsVersion = 15.4;
					};
					D1F182FE2C1DE9A100B9833D = {
						CreatedOnToolsVersion = 15.1;
					};
				};
			};
			buildConfigurationList = D1C6E1C92C1C2F94006935CD /* Build configuration list for PBXProject "FastVPN" */;
			compatibilityVersion = "Xcode 14.0";
			developmentRegion = en;
			hasScannedForEncodings = 0;
			knownRegions = (
				en,
				Base,
				ru,
			);
			mainGroup = D1C6E1C52C1C2F94006935CD;
			packageReferences = (
				D1074FF32C1CB1E300026F0A /* XCRemoteSwiftPackageReference "Haptica" */,
				D1074FF62C1CB1F600026F0A /* XCRemoteSwiftPackageReference "SwiftMessages" */,
				D1074FF92C1CB20E00026F0A /* XCRemoteSwiftPackageReference "Outline-SPM" */,
				D196B4702C1D985600EC7038 /* XCRemoteSwiftPackageReference "lottie-ios" */,
				D196B4762C1D9DC900EC7038 /* XCRemoteSwiftPackageReference "SnapKit" */,
				D15C908E2C22EF1300CEEB98 /* XCRemoteSwiftPackageReference "DeviceKit" */,
			);
			productRefGroup = D1C6E1CF2C1C2F94006935CD /* Products */;
			projectDirPath = "";
			projectRoot = "";
			targets = (
				D1C6E1CD2C1C2F94006935CD /* FastVPN */,
				D1F182FE2C1DE9A100B9833D /* VpnExtension */,
			);
		};
/* End PBXProject section */

/* Begin PBXResourcesBuildPhase section */
		D1C6E1CC2C1C2F94006935CD /* Resources */ = {
			isa = PBXResourcesBuildPhase;
			buildActionMask = 2147483647;
			files = (
				D10750142C1CCAF900026F0A /* dataCollection.docx in Resources */,
				D1BE862E2C1EDD5000332CA2 /* Localizable.strings in Resources */,
				D18B84D12C1F002C006B72C7 /* LanguageView.xib in Resources */,
				D196B46F2C1D91E900EC7038 /* LaunchScreenView.xib in Resources */,
				D1442D782C255D0F0066FC39 /* InfoPlist.strings in Resources */,
				D10750132C1CCAF900026F0A /* politicy.docx in Resources */,
				D1C6E23D2C1C3672006935CD /* AboutView.xib in Resources */,
				D1C6E1DB2C1C2F96006935CD /* Assets.xcassets in Resources */,
				D196B4662C1D833F00EC7038 /* AddKeyView.xib in Resources */,
				D1A8001A2C2932D900C22792 /* LaunchScreen.storyboard in Resources */,
				D18B84D52C1F003D006B72C7 /* LanguageCollectionViewCell.xib in Resources */,
				D1BE86332C1EE29100332CA2 /* connected.json in Resources */,
				D196B4752C1D9CC700EC7038 /* lightning.json in Resources */,
				D10750122C1CCAF900026F0A /* attribution.docx in Resources */,
				D1C6E2352C1C360F006935CD /* VPNView.xib in Resources */,
				D10750152C1CCAF900026F0A /* conditions.docx in Resources */,
			);
			runOnlyForDeploymentPostprocessing = 0;
		};
		D1F182FD2C1DE9A100B9833D /* Resources */ = {
			isa = PBXResourcesBuildPhase;
			buildActionMask = 2147483647;
			files = (
			);
			runOnlyForDeploymentPostprocessing = 0;
		};
/* End PBXResourcesBuildPhase section */

/* Begin PBXSourcesBuildPhase section */
		D1C6E1CA2C1C2F94006935CD /* Sources */ = {
			isa = PBXSourcesBuildPhase;
			buildActionMask = 2147483647;
			files = (
				D18B84D72C1F01DE006B72C7 /* LanguageModel.swift in Sources */,
				D17685352C1F52C3005C59D6 /* EndPoints.swift in Sources */,
				D10750042C1CB6A800026F0A /* VPNViewModel.swift in Sources */,
				D1C6E2242C1C3586006935CD /* TabBarController.swift in Sources */,
				D18B84D32C1F0037006B72C7 /* LanguageCollectionViewCell.swift in Sources */,
				D10750082C1CBA8200026F0A /* UINavigationBar.swift in Sources */,
				D1F182F12C1DE23000B9833D /* JSONDownloader.swift in Sources */,
				D18B84CF2C1F0022006B72C7 /* LanguageView.swift in Sources */,
				D1F182ED2C1DE19900B9833D /* ResponseErrors.swift in Sources */,
				D196B4642C1D7F9B00EC7038 /* AddKeyView.swift in Sources */,
				D1F182EB2C1DE18700B9833D /* HTTPRequestMethod.swift in Sources */,
				D107500A2C1CC1A000026F0A /* UIViewController.swift in Sources */,
				D1C6E21F2C1C3510006935CD /* AppImages.swift in Sources */,
				D18B84C22C1EFEB7006B72C7 /* Symbols.swift in Sources */,
				D137AEBF2C2EE58000966F6C /* String.swift in Sources */,
				D18B84CD2C1F001A006B72C7 /* LanguageViewController.swift in Sources */,
				D196B46B2C1D91E200EC7038 /* LaunchScreenViewController.swift in Sources */,
				D1C6E2372C1C361D006935CD /* CustomView.swift in Sources */,
				D17685332C1F51D8005C59D6 /* ServerModel.swift in Sources */,
				D1F86F5D2C20A363004C0076 /* IPResponse.swift in Sources */,
				D1C6E23B2C1C365F006935CD /* AboutView.swift in Sources */,
				D18B84C02C1EFADF006B72C7 /* LocalizationManager.swift in Sources */,
				D1F182F32C1DE26E00B9833D /* Headers.swift in Sources */,
				D10750012C1CB5AA00026F0A /* UserDefaults.swift in Sources */,
				D13F0F512C218B71006CD24E /* NotificationName.swift in Sources */,
				D19FAE6A2C2029B000F8D5FF /* CustomSpinnerView.swift in Sources */,
				D196B46D2C1D91E600EC7038 /* LaunchScreenView.swift in Sources */,
				D17685372C1F5317005C59D6 /* CustomDecoder.swift in Sources */,
				D196B4622C1D7F4A00EC7038 /* AddKeyViewController.swift in Sources */,
				D18B84CB2C1F0011006B72C7 /* LanguageDataProvider.swift in Sources */,
				D10750062C1CBA6600026F0A /* HighlightButton.swift in Sources */,
				D1C6E21B2C1C349E006935CD /* UIImage.swift in Sources */,
				D1442D6F2C2554B10066FC39 /* AlertLogger.swift in Sources */,
				D1C6E1FD2C1C3071006935CD /* UIView.swift in Sources */,
				D1C6E2312C1C360A006935CD /* VPNViewController.swift in Sources */,
				D1C6E1F22C1C300F006935CD /* Coordinator.swift in Sources */,
				D19FAE6C2C2029CC00F8D5FF /* ViewModelProtocol.swift in Sources */,
				D1C6E2332C1C360D006935CD /* VPNView.swift in Sources */,
				D1C6E2392C1C3656006935CD /* AboutViewController.swift in Sources */,
				D107500C2C1CC1D200026F0A /* MainConstants.swift in Sources */,
				D1C6E21D2C1C34B9006935CD /* AppColors.swift in Sources */,
				D1C6E2012C1C30A3006935CD /* Bundle.swift in Sources */,
				D1C6E2192C1C3494006935CD /* UIColor.swift in Sources */,
				D1F182FA2C1DE5F800B9833D /* ShadowSocksData.swift in Sources */,
				D1C6E1F82C1C302F006935CD /* AlertViewController.swift in Sources */,
				D1C6E1F42C1C301A006935CD /* ViewSpecificController.swift in Sources */,
				D1F182F52C1DE2A200B9833D /* URLRequest.swift in Sources */,
				D1C6E2292C1C35CA006935CD /* VPNCoordinator.swift in Sources */,
				D1C6E22B2C1C35D3006935CD /* AboutCoordinator.swift in Sources */,
				D1F182EF2C1DE1AC00B9833D /* JSONData.swift in Sources */,
				D1C6E1F62C1C3027006935CD /* ReusableView.swift in Sources */,
				D1C6E1D22C1C2F94006935CD /* AppDelegate.swift in Sources */,
			);
			runOnlyForDeploymentPostprocessing = 0;
		};
		D1F182FB2C1DE9A100B9833D /* Sources */ = {
			isa = PBXSourcesBuildPhase;
			buildActionMask = 2147483647;
			files = (
				D1F183032C1DE9A100B9833D /* AppProxyProvider.swift in Sources */,
			);
			runOnlyForDeploymentPostprocessing = 0;
		};
/* End PBXSourcesBuildPhase section */

/* Begin PBXTargetDependency section */
		D1F183072C1DE9A100B9833D /* PBXTargetDependency */ = {
			isa = PBXTargetDependency;
			target = D1F182FE2C1DE9A100B9833D /* VpnExtension */;
			targetProxy = D1F183062C1DE9A100B9833D /* PBXContainerItemProxy */;
		};
/* End PBXTargetDependency section */

/* Begin PBXVariantGroup section */
		D1442D712C25576E0066FC39 /* Info.plist */ = {
			isa = PBXVariantGroup;
			children = (
				D1442D702C25576E0066FC39 /* en */,
				D1442D752C255BDE0066FC39 /* ru */,
			);
			name = Info.plist;
			sourceTree = "<group>";
		};
		D1442D7A2C255D0F0066FC39 /* InfoPlist.strings */ = {
			isa = PBXVariantGroup;
			children = (
				D1442D792C255D0F0066FC39 /* en */,
				D1442D7B2C255D100066FC39 /* ru */,
			);
			name = InfoPlist.strings;
			sourceTree = "<group>";
		};
		D1BE86302C1EDD5000332CA2 /* Localizable.strings */ = {
			isa = PBXVariantGroup;
			children = (
				D1BE862F2C1EDD5000332CA2 /* en */,
				D1BE86312C1EDD6700332CA2 /* ru */,
			);
			name = Localizable.strings;
			sourceTree = "<group>";
		};
/* End PBXVariantGroup section */

/* Begin XCBuildConfiguration section */
		D1C6E1E02C1C2F96006935CD /* Debug */ = {
			isa = XCBuildConfiguration;
			buildSettings = {
				ALWAYS_SEARCH_USER_PATHS = NO;
				ASSETCATALOG_COMPILER_GENERATE_SWIFT_ASSET_SYMBOL_EXTENSIONS = YES;
				CLANG_ANALYZER_LOCALIZABILITY_NONLOCALIZED = YES;
				CLANG_ANALYZER_NONNULL = YES;
				CLANG_ANALYZER_NUMBER_OBJECT_CONVERSION = YES_AGGRESSIVE;
				CLANG_CXX_LANGUAGE_STANDARD = "gnu++20";
				CLANG_ENABLE_MODULES = YES;
				CLANG_ENABLE_OBJC_ARC = YES;
				CLANG_ENABLE_OBJC_WEAK = YES;
				CLANG_WARN_BLOCK_CAPTURE_AUTORELEASING = YES;
				CLANG_WARN_BOOL_CONVERSION = YES;
				CLANG_WARN_COMMA = YES;
				CLANG_WARN_CONSTANT_CONVERSION = YES;
				CLANG_WARN_DEPRECATED_OBJC_IMPLEMENTATIONS = YES;
				CLANG_WARN_DIRECT_OBJC_ISA_USAGE = YES_ERROR;
				CLANG_WARN_DOCUMENTATION_COMMENTS = YES;
				CLANG_WARN_EMPTY_BODY = YES;
				CLANG_WARN_ENUM_CONVERSION = YES;
				CLANG_WARN_INFINITE_RECURSION = YES;
				CLANG_WARN_INT_CONVERSION = YES;
				CLANG_WARN_NON_LITERAL_NULL_CONVERSION = YES;
				CLANG_WARN_OBJC_IMPLICIT_RETAIN_SELF = YES;
				CLANG_WARN_OBJC_LITERAL_CONVERSION = YES;
				CLANG_WARN_OBJC_ROOT_CLASS = YES_ERROR;
				CLANG_WARN_QUOTED_INCLUDE_IN_FRAMEWORK_HEADER = YES;
				CLANG_WARN_RANGE_LOOP_ANALYSIS = YES;
				CLANG_WARN_STRICT_PROTOTYPES = YES;
				CLANG_WARN_SUSPICIOUS_MOVE = YES;
				CLANG_WARN_UNGUARDED_AVAILABILITY = YES_AGGRESSIVE;
				CLANG_WARN_UNREACHABLE_CODE = YES;
				CLANG_WARN__DUPLICATE_METHOD_MATCH = YES;
				COPY_PHASE_STRIP = NO;
				DEBUG_INFORMATION_FORMAT = dwarf;
				ENABLE_STRICT_OBJC_MSGSEND = YES;
				ENABLE_TESTABILITY = YES;
				ENABLE_USER_SCRIPT_SANDBOXING = YES;
				GCC_C_LANGUAGE_STANDARD = gnu17;
				GCC_DYNAMIC_NO_PIC = NO;
				GCC_NO_COMMON_BLOCKS = YES;
				GCC_OPTIMIZATION_LEVEL = 0;
				GCC_PREPROCESSOR_DEFINITIONS = (
					"DEBUG=1",
					"$(inherited)",
				);
				GCC_WARN_64_TO_32_BIT_CONVERSION = YES;
				GCC_WARN_ABOUT_RETURN_TYPE = YES_ERROR;
				GCC_WARN_UNDECLARED_SELECTOR = YES;
				GCC_WARN_UNINITIALIZED_AUTOS = YES_AGGRESSIVE;
				GCC_WARN_UNUSED_FUNCTION = YES;
				GCC_WARN_UNUSED_VARIABLE = YES;
				IPHONEOS_DEPLOYMENT_TARGET = 13.0;
				LOCALIZATION_PREFERS_STRING_CATALOGS = YES;
				MTL_ENABLE_DEBUG_INFO = INCLUDE_SOURCE;
				MTL_FAST_MATH = YES;
				ONLY_ACTIVE_ARCH = YES;
				SDKROOT = iphoneos;
				SWIFT_ACTIVE_COMPILATION_CONDITIONS = "DEBUG $(inherited)";
				SWIFT_OPTIMIZATION_LEVEL = "-Onone";
			};
			name = Debug;
		};
		D1C6E1E12C1C2F96006935CD /* Release */ = {
			isa = XCBuildConfiguration;
			buildSettings = {
				ALWAYS_SEARCH_USER_PATHS = NO;
				ASSETCATALOG_COMPILER_GENERATE_SWIFT_ASSET_SYMBOL_EXTENSIONS = YES;
				CLANG_ANALYZER_LOCALIZABILITY_NONLOCALIZED = YES;
				CLANG_ANALYZER_NONNULL = YES;
				CLANG_ANALYZER_NUMBER_OBJECT_CONVERSION = YES_AGGRESSIVE;
				CLANG_CXX_LANGUAGE_STANDARD = "gnu++20";
				CLANG_ENABLE_MODULES = YES;
				CLANG_ENABLE_OBJC_ARC = YES;
				CLANG_ENABLE_OBJC_WEAK = YES;
				CLANG_WARN_BLOCK_CAPTURE_AUTORELEASING = YES;
				CLANG_WARN_BOOL_CONVERSION = YES;
				CLANG_WARN_COMMA = YES;
				CLANG_WARN_CONSTANT_CONVERSION = YES;
				CLANG_WARN_DEPRECATED_OBJC_IMPLEMENTATIONS = YES;
				CLANG_WARN_DIRECT_OBJC_ISA_USAGE = YES_ERROR;
				CLANG_WARN_DOCUMENTATION_COMMENTS = YES;
				CLANG_WARN_EMPTY_BODY = YES;
				CLANG_WARN_ENUM_CONVERSION = YES;
				CLANG_WARN_INFINITE_RECURSION = YES;
				CLANG_WARN_INT_CONVERSION = YES;
				CLANG_WARN_NON_LITERAL_NULL_CONVERSION = YES;
				CLANG_WARN_OBJC_IMPLICIT_RETAIN_SELF = YES;
				CLANG_WARN_OBJC_LITERAL_CONVERSION = YES;
				CLANG_WARN_OBJC_ROOT_CLASS = YES_ERROR;
				CLANG_WARN_QUOTED_INCLUDE_IN_FRAMEWORK_HEADER = YES;
				CLANG_WARN_RANGE_LOOP_ANALYSIS = YES;
				CLANG_WARN_STRICT_PROTOTYPES = YES;
				CLANG_WARN_SUSPICIOUS_MOVE = YES;
				CLANG_WARN_UNGUARDED_AVAILABILITY = YES_AGGRESSIVE;
				CLANG_WARN_UNREACHABLE_CODE = YES;
				CLANG_WARN__DUPLICATE_METHOD_MATCH = YES;
				COPY_PHASE_STRIP = NO;
				DEBUG_INFORMATION_FORMAT = "dwarf-with-dsym";
				ENABLE_NS_ASSERTIONS = NO;
				ENABLE_STRICT_OBJC_MSGSEND = YES;
				ENABLE_USER_SCRIPT_SANDBOXING = YES;
				GCC_C_LANGUAGE_STANDARD = gnu17;
				GCC_NO_COMMON_BLOCKS = YES;
				GCC_WARN_64_TO_32_BIT_CONVERSION = YES;
				GCC_WARN_ABOUT_RETURN_TYPE = YES_ERROR;
				GCC_WARN_UNDECLARED_SELECTOR = YES;
				GCC_WARN_UNINITIALIZED_AUTOS = YES_AGGRESSIVE;
				GCC_WARN_UNUSED_FUNCTION = YES;
				GCC_WARN_UNUSED_VARIABLE = YES;
				IPHONEOS_DEPLOYMENT_TARGET = 13.0;
				LOCALIZATION_PREFERS_STRING_CATALOGS = YES;
				MTL_ENABLE_DEBUG_INFO = NO;
				MTL_FAST_MATH = YES;
				SDKROOT = iphoneos;
				SWIFT_COMPILATION_MODE = wholemodule;
				VALIDATE_PRODUCT = YES;
			};
			name = Release;
		};
		D1C6E1E32C1C2F96006935CD /* Debug */ = {
			isa = XCBuildConfiguration;
			buildSettings = {
				ALWAYS_EMBED_SWIFT_STANDARD_LIBRARIES = YES;
				ASSETCATALOG_COMPILER_APPICON_NAME = AppIcon;
				ASSETCATALOG_COMPILER_GLOBAL_ACCENT_COLOR_NAME = AccentColor;
				CODE_SIGN_ENTITLEMENTS = FastVPN/FastVPN.entitlements;
				CODE_SIGN_STYLE = Automatic;
				CURRENT_PROJECT_VERSION = 6;
				DEVELOPMENT_TEAM = UP5XFBQDLT;
				GENERATE_INFOPLIST_FILE = YES;
				INFOPLIST_FILE = FastVPN/en.lproj/Info.plist;
				INFOPLIST_KEY_UIApplicationSupportsIndirectInputEvents = YES;
				INFOPLIST_KEY_UILaunchStoryboardName = LaunchScreen;
				INFOPLIST_KEY_UIStatusBarStyle = UIStatusBarStyleLightContent;
				INFOPLIST_KEY_UISupportedInterfaceOrientations_iPad = "UIInterfaceOrientationPortrait UIInterfaceOrientationPortraitUpsideDown UIInterfaceOrientationLandscapeLeft UIInterfaceOrientationLandscapeRight";
				INFOPLIST_KEY_UISupportedInterfaceOrientations_iPhone = "UIInterfaceOrientationPortrait UIInterfaceOrientationLandscapeLeft UIInterfaceOrientationLandscapeRight";
				INFOPLIST_KEY_UIUserInterfaceStyle = Dark;
				INFOPLIST_PREPROCESS = NO;
				IPHONEOS_DEPLOYMENT_TARGET = 13.0;
				LD_RUNPATH_SEARCH_PATHS = (
					"$(inherited)",
					"@executable_path/Frameworks",
				);
				MARKETING_VERSION = 1.0.2;
				PRODUCT_BUNDLE_IDENTIFIER = com.rapid.fastvpn;
				PRODUCT_NAME = "$(TARGET_NAME)";
				SUPPORTED_PLATFORMS = "iphoneos iphonesimulator";
				SUPPORTS_MACCATALYST = NO;
				SUPPORTS_MAC_DESIGNED_FOR_IPHONE_IPAD = YES;
				SUPPORTS_XR_DESIGNED_FOR_IPHONE_IPAD = NO;
				SWIFT_EMIT_LOC_STRINGS = YES;
				SWIFT_VERSION = 5.0;
				TARGETED_DEVICE_FAMILY = "1,2";
			};
			name = Debug;
		};
		D1C6E1E42C1C2F96006935CD /* Release */ = {
			isa = XCBuildConfiguration;
			buildSettings = {
				ALWAYS_EMBED_SWIFT_STANDARD_LIBRARIES = YES;
				ASSETCATALOG_COMPILER_APPICON_NAME = AppIcon;
				ASSETCATALOG_COMPILER_GLOBAL_ACCENT_COLOR_NAME = AccentColor;
				CODE_SIGN_ENTITLEMENTS = FastVPN/FastVPN.entitlements;
				CODE_SIGN_STYLE = Automatic;
				CURRENT_PROJECT_VERSION = 6;
				DEVELOPMENT_TEAM = UP5XFBQDLT;
				GENERATE_INFOPLIST_FILE = YES;
				INFOPLIST_FILE = FastVPN/en.lproj/Info.plist;
				INFOPLIST_KEY_UIApplicationSupportsIndirectInputEvents = YES;
				INFOPLIST_KEY_UILaunchStoryboardName = LaunchScreen;
				INFOPLIST_KEY_UIStatusBarStyle = UIStatusBarStyleLightContent;
				INFOPLIST_KEY_UISupportedInterfaceOrientations_iPad = "UIInterfaceOrientationPortrait UIInterfaceOrientationPortraitUpsideDown UIInterfaceOrientationLandscapeLeft UIInterfaceOrientationLandscapeRight";
				INFOPLIST_KEY_UISupportedInterfaceOrientations_iPhone = "UIInterfaceOrientationPortrait UIInterfaceOrientationLandscapeLeft UIInterfaceOrientationLandscapeRight";
				INFOPLIST_KEY_UIUserInterfaceStyle = Dark;
				INFOPLIST_PREPROCESS = NO;
				IPHONEOS_DEPLOYMENT_TARGET = 13.0;
				LD_RUNPATH_SEARCH_PATHS = (
					"$(inherited)",
					"@executable_path/Frameworks",
				);
				MARKETING_VERSION = 1.0.2;
				PRODUCT_BUNDLE_IDENTIFIER = com.rapid.fastvpn;
				PRODUCT_NAME = "$(TARGET_NAME)";
				SUPPORTED_PLATFORMS = "iphoneos iphonesimulator";
				SUPPORTS_MACCATALYST = NO;
				SUPPORTS_MAC_DESIGNED_FOR_IPHONE_IPAD = YES;
				SUPPORTS_XR_DESIGNED_FOR_IPHONE_IPAD = NO;
				SWIFT_EMIT_LOC_STRINGS = YES;
				SWIFT_VERSION = 5.0;
				TARGETED_DEVICE_FAMILY = "1,2";
			};
			name = Release;
		};
		D1F1830A2C1DE9A100B9833D /* Debug */ = {
			isa = XCBuildConfiguration;
			buildSettings = {
				CODE_SIGN_ENTITLEMENTS = VpnExtension/VpnExtension.entitlements;
				CODE_SIGN_STYLE = Automatic;
				CURRENT_PROJECT_VERSION = 1;
				DEVELOPMENT_TEAM = UP5XFBQDLT;
				GENERATE_INFOPLIST_FILE = YES;
				INFOPLIST_FILE = VpnExtension/Info.plist;
				INFOPLIST_KEY_CFBundleDisplayName = VpnExtension;
				INFOPLIST_KEY_NSHumanReadableCopyright = "";
				IPHONEOS_DEPLOYMENT_TARGET = 13.0;
				LD_RUNPATH_SEARCH_PATHS = (
					"$(inherited)",
					"@executable_path/Frameworks",
					"@executable_path/../../Frameworks",
				);
				MARKETING_VERSION = 1.0;
				PRODUCT_BUNDLE_IDENTIFIER = com.rapid.fastvpn.VpnExtension;
				PRODUCT_NAME = "$(TARGET_NAME)";
				SKIP_INSTALL = YES;
				SUPPORTED_PLATFORMS = "iphoneos iphonesimulator";
				SUPPORTS_MACCATALYST = NO;
				SUPPORTS_MAC_DESIGNED_FOR_IPHONE_IPAD = YES;
				SWIFT_EMIT_LOC_STRINGS = YES;
				SWIFT_VERSION = 5.0;
				TARGETED_DEVICE_FAMILY = "1,2";
			};
			name = Debug;
		};
		D1F1830B2C1DE9A100B9833D /* Release */ = {
			isa = XCBuildConfiguration;
			buildSettings = {
				CODE_SIGN_ENTITLEMENTS = VpnExtension/VpnExtension.entitlements;
				CODE_SIGN_STYLE = Automatic;
				CURRENT_PROJECT_VERSION = 1;
				DEVELOPMENT_TEAM = UP5XFBQDLT;
				GENERATE_INFOPLIST_FILE = YES;
				INFOPLIST_FILE = VpnExtension/Info.plist;
				INFOPLIST_KEY_CFBundleDisplayName = VpnExtension;
				INFOPLIST_KEY_NSHumanReadableCopyright = "";
				IPHONEOS_DEPLOYMENT_TARGET = 13.0;
				LD_RUNPATH_SEARCH_PATHS = (
					"$(inherited)",
					"@executable_path/Frameworks",
					"@executable_path/../../Frameworks",
				);
				MARKETING_VERSION = 1.0;
				PRODUCT_BUNDLE_IDENTIFIER = com.rapid.fastvpn.VpnExtension;
				PRODUCT_NAME = "$(TARGET_NAME)";
				SKIP_INSTALL = YES;
				SUPPORTED_PLATFORMS = "iphoneos iphonesimulator";
				SUPPORTS_MACCATALYST = NO;
				SUPPORTS_MAC_DESIGNED_FOR_IPHONE_IPAD = YES;
				SWIFT_EMIT_LOC_STRINGS = YES;
				SWIFT_VERSION = 5.0;
				TARGETED_DEVICE_FAMILY = "1,2";
			};
			name = Release;
		};
/* End XCBuildConfiguration section */

/* Begin XCConfigurationList section */
		D1C6E1C92C1C2F94006935CD /* Build configuration list for PBXProject "FastVPN" */ = {
			isa = XCConfigurationList;
			buildConfigurations = (
				D1C6E1E02C1C2F96006935CD /* Debug */,
				D1C6E1E12C1C2F96006935CD /* Release */,
			);
			defaultConfigurationIsVisible = 0;
			defaultConfigurationName = Release;
		};
		D1C6E1E22C1C2F96006935CD /* Build configuration list for PBXNativeTarget "FastVPN" */ = {
			isa = XCConfigurationList;
			buildConfigurations = (
				D1C6E1E32C1C2F96006935CD /* Debug */,
				D1C6E1E42C1C2F96006935CD /* Release */,
			);
			defaultConfigurationIsVisible = 0;
			defaultConfigurationName = Release;
		};
		D1F183092C1DE9A100B9833D /* Build configuration list for PBXNativeTarget "VpnExtension" */ = {
			isa = XCConfigurationList;
			buildConfigurations = (
				D1F1830A2C1DE9A100B9833D /* Debug */,
				D1F1830B2C1DE9A100B9833D /* Release */,
			);
			defaultConfigurationIsVisible = 0;
			defaultConfigurationName = Release;
		};
/* End XCConfigurationList section */

/* Begin XCRemoteSwiftPackageReference section */
		D1074FF32C1CB1E300026F0A /* XCRemoteSwiftPackageReference "Haptica" */ = {
			isa = XCRemoteSwiftPackageReference;
			repositoryURL = "https://github.com/efremidze/Haptica";
			requirement = {
				kind = upToNextMajorVersion;
				minimumVersion = 3.0.3;
			};
		};
		D1074FF62C1CB1F600026F0A /* XCRemoteSwiftPackageReference "SwiftMessages" */ = {
			isa = XCRemoteSwiftPackageReference;
			repositoryURL = "https://github.com/SwiftKickMobile/SwiftMessages";
			requirement = {
				kind = upToNextMajorVersion;
				minimumVersion = 9.0.0;
			};
		};
		D1074FF92C1CB20E00026F0A /* XCRemoteSwiftPackageReference "Outline-SPM" */ = {
			isa = XCRemoteSwiftPackageReference;
			repositoryURL = "https://github.com/Negative3103/Outline-SPM";
			requirement = {
				branch = main;
				kind = branch;
			};
		};
		D15C908E2C22EF1300CEEB98 /* XCRemoteSwiftPackageReference "DeviceKit" */ = {
			isa = XCRemoteSwiftPackageReference;
			repositoryURL = "https://github.com/devicekit/DeviceKit.git";
			requirement = {
				kind = upToNextMajorVersion;
				minimumVersion = 5.4.0;
			};
		};
		D196B4702C1D985600EC7038 /* XCRemoteSwiftPackageReference "lottie-ios" */ = {
			isa = XCRemoteSwiftPackageReference;
			repositoryURL = "https://github.com/airbnb/lottie-ios.git";
			requirement = {
				kind = upToNextMajorVersion;
				minimumVersion = 3.0.0;
			};
		};
		D196B4762C1D9DC900EC7038 /* XCRemoteSwiftPackageReference "SnapKit" */ = {
			isa = XCRemoteSwiftPackageReference;
			repositoryURL = "https://github.com/SnapKit/SnapKit.git";
			requirement = {
				kind = upToNextMajorVersion;
				minimumVersion = 5.7.1;
			};
		};
/* End XCRemoteSwiftPackageReference section */

/* Begin XCSwiftPackageProductDependency section */
		D1074FF42C1CB1E300026F0A /* Haptica */ = {
			isa = XCSwiftPackageProductDependency;
			package = D1074FF32C1CB1E300026F0A /* XCRemoteSwiftPackageReference "Haptica" */;
			productName = Haptica;
		};
		D1074FF72C1CB1F600026F0A /* SwiftMessages */ = {
			isa = XCSwiftPackageProductDependency;
			package = D1074FF62C1CB1F600026F0A /* XCRemoteSwiftPackageReference "SwiftMessages" */;
			productName = SwiftMessages;
		};
		D1074FFA2C1CB20E00026F0A /* OutlineAppleLib */ = {
			isa = XCSwiftPackageProductDependency;
			package = D1074FF92C1CB20E00026F0A /* XCRemoteSwiftPackageReference "Outline-SPM" */;
			productName = OutlineAppleLib;
		};
		D1074FFC2C1CB20E00026F0A /* OutlineLauncher */ = {
			isa = XCSwiftPackageProductDependency;
			package = D1074FF92C1CB20E00026F0A /* XCRemoteSwiftPackageReference "Outline-SPM" */;
			productName = OutlineLauncher;
		};
		D15C908F2C22EF1300CEEB98 /* DeviceKit */ = {
			isa = XCSwiftPackageProductDependency;
			package = D15C908E2C22EF1300CEEB98 /* XCRemoteSwiftPackageReference "DeviceKit" */;
			productName = DeviceKit;
		};
		D196B4712C1D985600EC7038 /* Lottie */ = {
			isa = XCSwiftPackageProductDependency;
			package = D196B4702C1D985600EC7038 /* XCRemoteSwiftPackageReference "lottie-ios" */;
			productName = Lottie;
		};
		D196B4772C1D9DC900EC7038 /* SnapKit */ = {
			isa = XCSwiftPackageProductDependency;
			package = D196B4762C1D9DC900EC7038 /* XCRemoteSwiftPackageReference "SnapKit" */;
			productName = SnapKit;
		};
		D1F1830C2C1DE9EB00B9833D /* PacketTunnelProvider */ = {
			isa = XCSwiftPackageProductDependency;
			package = D1074FF92C1CB20E00026F0A /* XCRemoteSwiftPackageReference "Outline-SPM" */;
			productName = PacketTunnelProvider;
		};
/* End XCSwiftPackageProductDependency section */
	};
	rootObject = D1C6E1C62C1C2F94006935CD /* Project object */;
}
